// !$*UTF8*$!
{
	archiveVersion = 1;
	classes = {
	};
	objectVersion = 55;
	objects = {

/* Begin PBXBuildFile section */
		6F0CCCCD2741CD8D00D589B0 /* GLUT.framework in Frameworks */ = {isa = PBXBuildFile; fileRef = 6F45AC052741844800A0EBAF /* GLUT.framework */; };
		6F0CCCCE2741CD8D00D589B0 /* OpenGL.framework in Frameworks */ = {isa = PBXBuildFile; fileRef = 6F45AC062741844800A0EBAF /* OpenGL.framework */; };
		6F45AC2C2741CD1C00A0EBAF /* main.c in Sources */ = {isa = PBXBuildFile; fileRef = 6F45AC2B2741CD1C00A0EBAF /* main.c */; };
/* End PBXBuildFile section */

/* Begin PBXCopyFilesBuildPhase section */
		6F45AC272741CD1C00A0EBAF /* CopyFiles */ = {
			isa = PBXCopyFilesBuildPhase;
			buildActionMask = 2147483647;
			dstPath = /usr/share/man/man1/;
			dstSubfolderSpec = 0;
			files = (
			);
			runOnlyForDeploymentPostprocessing = 1;
		};
/* End PBXCopyFilesBuildPhase section */

/* Begin PBXFileReference section */
		6F0CCCCF2741CDB400D589B0 /* platform_graphics.h */ = {isa = PBXFileReference; fileEncoding = 4; lastKnownFileType = sourcecode.c.h; path = platform_graphics.h; sourceTree = "<group>"; };
		6F0CCCD02741CE8900D589B0 /* platform_attributes.h */ = {isa = PBXFileReference; lastKnownFileType = sourcecode.c.h; path = platform_attributes.h; sourceTree = "<group>"; };
		6F0CCCD12741D10600D589B0 /* vec3f.h */ = {isa = PBXFileReference; lastKnownFileType = sourcecode.c.h; path = vec3f.h; sourceTree = "<group>"; };
		6F0CCCD22741DA9800D589B0 /* geometry.h */ = {isa = PBXFileReference; lastKnownFileType = sourcecode.c.h; path = geometry.h; sourceTree = "<group>"; };
		6F45AC052741844800A0EBAF /* GLUT.framework */ = {isa = PBXFileReference; lastKnownFileType = wrapper.framework; name = GLUT.framework; path = System/Library/Frameworks/GLUT.framework; sourceTree = SDKROOT; };
		6F45AC062741844800A0EBAF /* OpenGL.framework */ = {isa = PBXFileReference; lastKnownFileType = wrapper.framework; name = OpenGL.framework; path = System/Library/Frameworks/OpenGL.framework; sourceTree = SDKROOT; };
		6F45AC292741CD1C00A0EBAF /* GLClock */ = {isa = PBXFileReference; explicitFileType = "compiled.mach-o.executable"; includeInIndex = 0; path = GLClock; sourceTree = BUILT_PRODUCTS_DIR; };
		6F45AC2B2741CD1C00A0EBAF /* main.c */ = {isa = PBXFileReference; lastKnownFileType = sourcecode.c.c; path = main.c; sourceTree = "<group>"; };
/* End PBXFileReference section */

/* Begin PBXFrameworksBuildPhase section */
		6F45AC262741CD1C00A0EBAF /* Frameworks */ = {
			isa = PBXFrameworksBuildPhase;
			buildActionMask = 2147483647;
			files = (
				6F0CCCCD2741CD8D00D589B0 /* GLUT.framework in Frameworks */,
				6F0CCCCE2741CD8D00D589B0 /* OpenGL.framework in Frameworks */,
			);
			runOnlyForDeploymentPostprocessing = 0;
		};
/* End PBXFrameworksBuildPhase section */

/* Begin PBXGroup section */
		6F45ABCF274181C400A0EBAF = {
			isa = PBXGroup;
			children = (
				6F45AC2A2741CD1C00A0EBAF /* GLClock */,
				6F45ABE22741824F00A0EBAF /* Products */,
				6F45ABF5274182F300A0EBAF /* Frameworks */,
			);
			sourceTree = "<group>";
		};
		6F45ABE22741824F00A0EBAF /* Products */ = {
			isa = PBXGroup;
			children = (
				6F45AC292741CD1C00A0EBAF /* GLClock */,
			);
			name = Products;
			sourceTree = "<group>";
		};
		6F45ABF5274182F300A0EBAF /* Frameworks */ = {
			isa = PBXGroup;
			children = (
				6F45AC052741844800A0EBAF /* GLUT.framework */,
				6F45AC062741844800A0EBAF /* OpenGL.framework */,
			);
			name = Frameworks;
			sourceTree = "<group>";
		};
		6F45AC2A2741CD1C00A0EBAF /* GLClock */ = {
			isa = PBXGroup;
			children = (
				6F0CCCCF2741CDB400D589B0 /* platform_graphics.h */,
				6F45AC2B2741CD1C00A0EBAF /* main.c */,
				6F0CCCD02741CE8900D589B0 /* platform_attributes.h */,
				6F0CCCD12741D10600D589B0 /* vec3f.h */,
				6F0CCCD22741DA9800D589B0 /* geometry.h */,
			);
			path = GLClock;
			sourceTree = "<group>";
		};
/* End PBXGroup section */

/* Begin PBXNativeTarget section */
		6F45AC282741CD1C00A0EBAF /* GLClock */ = {
			isa = PBXNativeTarget;
			buildConfigurationList = 6F45AC2D2741CD1C00A0EBAF /* Build configuration list for PBXNativeTarget "GLClock" */;
			buildPhases = (
				6F45AC252741CD1C00A0EBAF /* Sources */,
				6F45AC262741CD1C00A0EBAF /* Frameworks */,
				6F45AC272741CD1C00A0EBAF /* CopyFiles */,
			);
			buildRules = (
			);
			dependencies = (
			);
			name = GLClock;
			productName = GLClock;
			productReference = 6F45AC292741CD1C00A0EBAF /* GLClock */;
			productType = "com.apple.product-type.tool";
		};
/* End PBXNativeTarget section */

/* Begin PBXProject section */
		6F45ABD0274181C400A0EBAF /* Project object */ = {
			isa = PBXProject;
			attributes = {
				BuildIndependentTargetsInParallel = 1;
				LastUpgradeCheck = 1300;
				TargetAttributes = {
					6F45AC282741CD1C00A0EBAF = {
						CreatedOnToolsVersion = 13.0;
					};
				};
			};
			buildConfigurationList = 6F45ABD3274181C400A0EBAF /* Build configuration list for PBXProject "GLDemos" */;
			compatibilityVersion = "Xcode 13.0";
			developmentRegion = en;
			hasScannedForEncodings = 0;
			knownRegions = (
				en,
			);
			mainGroup = 6F45ABCF274181C400A0EBAF;
			productRefGroup = 6F45ABE22741824F00A0EBAF /* Products */;
			projectDirPath = "";
			projectRoot = "";
			targets = (
				6F45AC282741CD1C00A0EBAF /* GLClock */,
			);
		};
/* End PBXProject section */

/* Begin PBXSourcesBuildPhase section */
		6F45AC252741CD1C00A0EBAF /* Sources */ = {
			isa = PBXSourcesBuildPhase;
			buildActionMask = 2147483647;
			files = (
				6F45AC2C2741CD1C00A0EBAF /* main.c in Sources */,
			);
			runOnlyForDeploymentPostprocessing = 0;
		};
/* End PBXSourcesBuildPhase section */

/* Begin XCBuildConfiguration section */
		6F45ABD4274181C400A0EBAF /* Debug */ = {
			isa = XCBuildConfiguration;
			buildSettings = {
			};
			name = Debug;
		};
		6F45ABD5274181C400A0EBAF /* Release */ = {
			isa = XCBuildConfiguration;
			buildSettings = {
			};
			name = Release;
		};
		6F45AC2E2741CD1C00A0EBAF /* Debug */ = {
			isa = XCBuildConfiguration;
			buildSettings = {
				ALWAYS_SEARCH_USER_PATHS = NO;
				CLANG_ANALYZER_NONNULL = YES;
				CLANG_ANALYZER_NUMBER_OBJECT_CONVERSION = YES_AGGRESSIVE;
				CLANG_CXX_LANGUAGE_STANDARD = "gnu++17";
				CLANG_CXX_LIBRARY = "libc++";
				CLANG_ENABLE_MODULES = YES;
				CLANG_ENABLE_OBJC_ARC = YES;
				CLANG_ENABLE_OBJC_WEAK = YES;
				CLANG_WARN_BLOCK_CAPTURE_AUTORELEASING = YES;
				CLANG_WARN_BOOL_CONVERSION = YES;
				CLANG_WARN_COMMA = YES;
				CLANG_WARN_CONSTANT_CONVERSION = YES;
				CLANG_WARN_DEPRECATED_OBJC_IMPLEMENTATIONS = YES;
				CLANG_WARN_DIRECT_OBJC_ISA_USAGE = YES_ERROR;
				CLANG_WARN_DOCUMENTATION_COMMENTS = YES;
				CLANG_WARN_EMPTY_BODY = YES;
				CLANG_WARN_ENUM_CONVERSION = YES;
				CLANG_WARN_INFINITE_RECURSION = YES;
				CLANG_WARN_INT_CONVERSION = YES;
				CLANG_WARN_NON_LITERAL_NULL_CONVERSION = YES;
				CLANG_WARN_OBJC_IMPLICIT_RETAIN_SELF = YES;
				CLANG_WARN_OBJC_LITERAL_CONVERSION = YES;
				CLANG_WARN_OBJC_ROOT_CLASS = YES_ERROR;
				CLANG_WARN_QUOTED_INCLUDE_IN_FRAMEWORK_HEADER = YES;
				CLANG_WARN_RANGE_LOOP_ANALYSIS = YES;
				CLANG_WARN_STRICT_PROTOTYPES = YES;
				CLANG_WARN_SUSPICIOUS_MOVE = YES;
				CLANG_WARN_UNGUARDED_AVAILABILITY = YES_AGGRESSIVE;
				CLANG_WARN_UNREACHABLE_CODE = YES;
				CLANG_WARN__DUPLICATE_METHOD_MATCH = YES;
				CODE_SIGN_STYLE = Automatic;
				COPY_PHASE_STRIP = NO;
				DEBUG_INFORMATION_FORMAT = dwarf;
				DEVELOPMENT_TEAM = DH8XW3CK3H;
				ENABLE_HARDENED_RUNTIME = YES;
				ENABLE_STRICT_OBJC_MSGSEND = YES;
				ENABLE_TESTABILITY = YES;
				GCC_C_LANGUAGE_STANDARD = gnu11;
				GCC_DYNAMIC_NO_PIC = NO;
				GCC_NO_COMMON_BLOCKS = YES;
				GCC_OPTIMIZATION_LEVEL = 0;
				GCC_PREPROCESSOR_DEFINITIONS = (
					"DEBUG=1",
					"$(inherited)",
				);
				GCC_WARN_64_TO_32_BIT_CONVERSION = YES;
				GCC_WARN_ABOUT_RETURN_TYPE = YES_ERROR;
				GCC_WARN_UNDECLARED_SELECTOR = YES;
				GCC_WARN_UNINITIALIZED_AUTOS = YES_AGGRESSIVE;
				GCC_WARN_UNUSED_FUNCTION = YES;
				GCC_WARN_UNUSED_VARIABLE = YES;
				MACOSX_DEPLOYMENT_TARGET = 11.3;
				MTL_ENABLE_DEBUG_INFO = INCLUDE_SOURCE;
				MTL_FAST_MATH = YES;
				ONLY_ACTIVE_ARCH = YES;
				OTHER_CFLAGS = "-DGL_SILENCE_DEPRECATION";
				PRODUCT_NAME = "$(TARGET_NAME)";
				SDKROOT = macosx;
				VALIDATE_WORKSPACE_SKIPPED_SDK_FRAMEWORKS = OpenGL;
				WARNING_CFLAGS = "";
			};
			name = Debug;
		};
		6F45AC2F2741CD1C00A0EBAF /* Release */ = {
			isa = XCBuildConfiguration;
			buildSettings = {
				ALWAYS_SEARCH_USER_PATHS = NO;
				CLANG_ANALYZER_NONNULL = YES;
				CLANG_ANALYZER_NUMBER_OBJECT_CONVERSION = YES_AGGRESSIVE;
				CLANG_CXX_LANGUAGE_STANDARD = "gnu++17";
				CLANG_CXX_LIBRARY = "libc++";
				CLANG_ENABLE_MODULES = YES;
				CLANG_ENABLE_OBJC_ARC = YES;
				CLANG_ENABLE_OBJC_WEAK = YES;
				CLANG_WARN_BLOCK_CAPTURE_AUTORELEASING = YES;
				CLANG_WARN_BOOL_CONVERSION = YES;
				CLANG_WARN_COMMA = YES;
				CLANG_WARN_CONSTANT_CONVERSION = YES;
				CLANG_WARN_DEPRECATED_OBJC_IMPLEMENTATIONS = YES;
				CLANG_WARN_DIRECT_OBJC_ISA_USAGE = YES_ERROR;
				CLANG_WARN_DOCUMENTATION_COMMENTS = YES;
				CLANG_WARN_EMPTY_BODY = YES;
				CLANG_WARN_ENUM_CONVERSION = YES;
				CLANG_WARN_INFINITE_RECURSION = YES;
				CLANG_WARN_INT_CONVERSION = YES;
				CLANG_WARN_NON_LITERAL_NULL_CONVERSION = YES;
				CLANG_WARN_OBJC_IMPLICIT_RETAIN_SELF = YES;
				CLANG_WARN_OBJC_LITERAL_CONVERSION = YES;
				CLANG_WARN_OBJC_ROOT_CLASS = YES_ERROR;
				CLANG_WARN_QUOTED_INCLUDE_IN_FRAMEWORK_HEADER = YES;
				CLANG_WARN_RANGE_LOOP_ANALYSIS = YES;
				CLANG_WARN_STRICT_PROTOTYPES = YES;
				CLANG_WARN_SUSPICIOUS_MOVE = YES;
				CLANG_WARN_UNGUARDED_AVAILABILITY = YES_AGGRESSIVE;
				CLANG_WARN_UNREACHABLE_CODE = YES;
				CLANG_WARN__DUPLICATE_METHOD_MATCH = YES;
				CODE_SIGN_STYLE = Automatic;
				COPY_PHASE_STRIP = NO;
				DEBUG_INFORMATION_FORMAT = "dwarf-with-dsym";
				DEVELOPMENT_TEAM = DH8XW3CK3H;
				ENABLE_HARDENED_RUNTIME = YES;
				ENABLE_NS_ASSERTIONS = NO;
				ENABLE_STRICT_OBJC_MSGSEND = YES;
				GCC_C_LANGUAGE_STANDARD = gnu11;
				GCC_NO_COMMON_BLOCKS = YES;
				GCC_WARN_64_TO_32_BIT_CONVERSION = YES;
				GCC_WARN_ABOUT_RETURN_TYPE = YES_ERROR;
				GCC_WARN_UNDECLARED_SELECTOR = YES;
				GCC_WARN_UNINITIALIZED_AUTOS = YES_AGGRESSIVE;
				GCC_WARN_UNUSED_FUNCTION = YES;
				GCC_WARN_UNUSED_VARIABLE = YES;
				MACOSX_DEPLOYMENT_TARGET = 11.3;
				MTL_ENABLE_DEBUG_INFO = NO;
				MTL_FAST_MATH = YES;
				OTHER_CFLAGS = "-DGL_SILENCE_DEPRECATION";
				PRODUCT_NAME = "$(TARGET_NAME)";
				SDKROOT = macosx;
				VALIDATE_WORKSPACE_SKIPPED_SDK_FRAMEWORKS = OpenGL;
				WARNING_CFLAGS = "";
			};
			name = Release;
		};
/* End XCBuildConfiguration section */

/* Begin XCConfigurationList section */
		6F45ABD3274181C400A0EBAF /* Build configuration list for PBXProject "GLDemos" */ = {
			isa = XCConfigurationList;
			buildConfigurations = (
				6F45ABD4274181C400A0EBAF /* Debug */,
				6F45ABD5274181C400A0EBAF /* Release */,
			);
			defaultConfigurationIsVisible = 0;
			defaultConfigurationName = Debug;
		};
		6F45AC2D2741CD1C00A0EBAF /* Build configuration list for PBXNativeTarget "GLClock" */ = {
			isa = XCConfigurationList;
			buildConfigurations = (
				6F45AC2E2741CD1C00A0EBAF /* Debug */,
				6F45AC2F2741CD1C00A0EBAF /* Release */,
			);
			defaultConfigurationIsVisible = 0;
			defaultConfigurationName = Debug;
		};
/* End XCConfigurationList section */
	};
	rootObject = 6F45ABD0274181C400A0EBAF /* Project object */;
}
